
Microsoft Visual Studio Solution File, Format Version 12.00
# Visual Studio 2015
Project("{FAE04EC0-301F-11D3-BF4B-00C04F79EFBC}") = "165 Project 3", "165 Project 3.csproj", "{19F8B982-C8B6-6FBF-D1B0-29C9A7140593}"
EndProject
Project("{FAE04EC0-301F-11D3-BF4B-00C04F79EFBC}") = "165 Project 3.Editor", "165 Project 3.Editor.csproj", "{2018BB20-B9E0-3C31-7436-1B902AACD68F}"
EndProject
Global
	GlobalSection(SolutionConfigurationPlatforms) = preSolution
		Debug|Any CPU = Debug|Any CPU
		Release|Any CPU = Release|Any CPU
	EndGlobalSection
	GlobalSection(ProjectConfigurationPlatforms) = postSolution
		{19F8B982-C8B6-6FBF-D1B0-29C9A7140593}.Debug|Any CPU.ActiveCfg = Debug|Any CPU
		{19F8B982-C8B6-6FBF-D1B0-29C9A7140593}.Debug|Any CPU.Build.0 = Debug|Any CPU
		{19F8B982-C8B6-6FBF-D1B0-29C9A7140593}.Release|Any CPU.ActiveCfg = Release|Any CPU
		{19F8B982-C8B6-6FBF-D1B0-29C9A7140593}.Release|Any CPU.Build.0 = Release|Any CPU
		{2018BB20-B9E0-3C31-7436-1B902AACD68F}.Debug|Any CPU.ActiveCfg = Debug|Any CPU
		{2018BB20-B9E0-3C31-7436-1B902AACD68F}.Debug|Any CPU.Build.0 = Debug|Any CPU
		{2018BB20-B9E0-3C31-7436-1B902AACD68F}.Release|Any CPU.ActiveCfg = Release|Any CPU
		{2018BB20-B9E0-3C31-7436-1B902AACD68F}.Release|Any CPU.Build.0 = Release|Any CPU
	EndGlobalSection
	GlobalSection(SolutionProperties) = preSolution
		HideSolutionNode = FALSE
	EndGlobalSection
EndGlobal
